# @generated - this file is auto-generated by `mise lock` https://mise.en.dev/dev-tools/mise-lock.html

[[tools.hugo]]
version = "0.161.1"
backend = "aqua:gohugoio/hugo"

[tools.hugo."platforms.linux-arm64"]
checksum = "sha256:382371ec3208236fb854ced51781f859b6c27a7d066b8fe90594eba14ba76d00"
url = "https://github.com/gohugoio/hugo/releases/download/v0.161.1/hugo_0.161.1_linux-arm64.tar.gz"

[tools.hugo."platforms.linux-arm64-musl"]
checksum = "sha256:382371ec3208236fb854ced51781f859b6c27a7d066b8fe90594eba14ba76d00"
url = "https://github.com/gohugoio/hugo/releases/download/v0.161.1/hugo_0.161.1_linux-arm64.tar.gz"

[tools.hugo."platforms.linux-x64"]
checksum = "sha256:fae28bf7909c1a42d1365b89d2e9e3d4194fbe5968ae0dd5504f562381018a1d"
url = "https://github.com/gohugoio/hugo/releases/download/v0.161.1/hugo_0.161.1_linux-amd64.tar.gz"

[tools.hugo."platforms.linux-x64-musl"]
checksum = "sha256:fae28bf7909c1a42d1365b89d2e9e3d4194fbe5968ae0dd5504f562381018a1d"
url = "https://github.com/gohugoio/hugo/releases/download/v0.161.1/hugo_0.161.1_linux-amd64.tar.gz"

[tools.hugo."platforms.macos-arm64"]
checksum = "sha256:b12e1cbebacf61f9cf67e0046c835142e70c829da7c16b05c1ec64a68885ee80"
url = "https://github.com/gohugoio/hugo/releases/download/v0.161.1/hugo_0.161.1_darwin-universal.pkg"

[tools.hugo."platforms.macos-x64"]
checksum = "sha256:b12e1cbebacf61f9cf67e0046c835142e70c829da7c16b05c1ec64a68885ee80"
url = "https://github.com/gohugoio/hugo/releases/download/v0.161.1/hugo_0.161.1_darwin-universal.pkg"

[tools.hugo."platforms.windows-x64"]
checksum = "sha256:7f8d030b37600c60bf2a782611257e6a768934fbe7724c1f3a1a501e6724cf0d"
url = "https://github.com/gohugoio/hugo/releases/download/v0.161.1/hugo_0.161.1_windows-amd64.zip"

[[tools.java]]
version = "26.0.1"
backend = "core:java"

[tools.java."platforms.linux-arm64"]
checksum = "sha256:12a3649b2f4a0c9f6491d220bdd04b4fff07cae502b435aaff46eac0e36f4df1"
url = "https://download.java.net/java/GA/jdk26.0.1/458fda22e4c54d5ba572ab8d2b22eb83/8/GPL/openjdk-26.0.1_linux-aarch64_bin.tar.gz"

[tools.java."platforms.linux-x64"]
checksum = "sha256:2f2802d57b5fc414f1ddf6648ba12cc9a6454cf67b32ac95407c018f2e6ab0b0"
url = "https://download.java.net/java/GA/jdk26.0.1/458fda22e4c54d5ba572ab8d2b22eb83/8/GPL/openjdk-26.0.1_linux-x64_bin.tar.gz"

[tools.java."platforms.macos-arm64"]
checksum = "sha256:b2d57405194a312ed4ec6ec08e83b314d3fd2e425e895d704ec5ef8ea6059e17"
url = "https://download.java.net/java/GA/jdk26.0.1/458fda22e4c54d5ba572ab8d2b22eb83/8/GPL/openjdk-26.0.1_macos-aarch64_bin.tar.gz"

[tools.java."platforms.macos-x64"]
checksum = "sha256:e52bc05aefe4991329a6a103c9b42ae4b9b77240a9f9d3d12f6a7365db1ae16a"
url = "https://download.java.net/java/GA/jdk26.0.1/458fda22e4c54d5ba572ab8d2b22eb83/8/GPL/openjdk-26.0.1_macos-x64_bin.tar.gz"

[tools.java."platforms.windows-x64"]
checksum = "sha256:b381d30647aed9ff440abed5ab61af01d8578c290cd407c57e064ebc4b0151be"
url = "https://download.java.net/java/GA/jdk26.0.1/458fda22e4c54d5ba572ab8d2b22eb83/8/GPL/openjdk-26.0.1_windows-x64_bin.zip"

[[tools.lychee]]
version = "0.23.0"
backend = "aqua:lycheeverse/lychee"

[tools.lychee."platforms.linux-arm64"]
checksum = "sha256:97eb93b02a7d78a752fc33e5b0983439ccaadbf3db952b68a0a4401acd92e6e0"
url = "https://github.com/lycheeverse/lychee/releases/download/lychee-v0.23.0/lychee-aarch64-unknown-linux-gnu.tar.gz"

[tools.lychee."platforms.linux-arm64-musl"]
checksum = "sha256:97eb93b02a7d78a752fc33e5b0983439ccaadbf3db952b68a0a4401acd92e6e0"
url = "https://github.com/lycheeverse/lychee/releases/download/lychee-v0.23.0/lychee-aarch64-unknown-linux-gnu.tar.gz"

[tools.lychee."platforms.linux-x64"]
checksum = "sha256:5538440d2c69a45a0a09983271e5dee0c2fe7137d8035d25b2632e10a66a090a"
url = "https://github.com/lycheeverse/lychee/releases/download/lychee-v0.23.0/lychee-x86_64-unknown-linux-musl.tar.gz"

[tools.lychee."platforms.linux-x64-musl"]
checksum = "sha256:5538440d2c69a45a0a09983271e5dee0c2fe7137d8035d25b2632e10a66a090a"
url = "https://github.com/lycheeverse/lychee/releases/download/lychee-v0.23.0/lychee-x86_64-unknown-linux-musl.tar.gz"

[tools.lychee."platforms.macos-arm64"]
checksum = "sha256:4c8034900e11083b68ac6f6582c377ff1f704e268991999e09d717973e493e7f"
url = "https://github.com/lycheeverse/lychee/releases/download/lychee-v0.23.0/lychee-arm64-macos.dmg"

[tools.lychee."platforms.windows-x64"]
checksum = "sha256:0fda7ff0a60c0250939fc25361c2d4e6e7853c31c996733fdd5a1dd760bcb824"
url = "https://github.com/lycheeverse/lychee/releases/download/lychee-v0.23.0/lychee-x86_64-windows.exe"

[[tools.maven]]
version = "3.9.15"
backend = "aqua:apache/maven"

[tools.maven."platforms.linux-arm64"]
url = "https://archive.apache.org/dist/maven/maven-3/3.9.15/binaries/apache-maven-3.9.15-bin.tar.gz"

[tools.maven."platforms.linux-arm64-musl"]
url = "https://archive.apache.org/dist/maven/maven-3/3.9.15/binaries/apache-maven-3.9.15-bin.tar.gz"

[tools.maven."platforms.linux-x64"]
url = "https://archive.apache.org/dist/maven/maven-3/3.9.15/binaries/apache-maven-3.9.15-bin.tar.gz"

[tools.maven."platforms.linux-x64-musl"]
url = "https://archive.apache.org/dist/maven/maven-3/3.9.15/binaries/apache-maven-3.9.15-bin.tar.gz"

[tools.maven."platforms.macos-arm64"]
url = "https://archive.apache.org/dist/maven/maven-3/3.9.15/binaries/apache-maven-3.9.15-bin.tar.gz"

[tools.maven."platforms.macos-x64"]
url = "https://archive.apache.org/dist/maven/maven-3/3.9.15/binaries/apache-maven-3.9.15-bin.tar.gz"

[tools.maven."platforms.windows-x64"]
url = "https://archive.apache.org/dist/maven/maven-3/3.9.15/binaries/apache-maven-3.9.15-bin.tar.gz"
